
Microsoft Visual Studio Solution File, Format Version 12.00
# Visual Studio 15
VisualStudioVersion = 15.0.28010.2036
MinimumVisualStudioVersion = 10.0.40219.1
Project("{FAE04EC0-301F-11D3-BF4B-00C04F79EFBC}") = "DotNetTestFrameworks", "DotNetTestFrameworks\DotNetTestFrameworks.csproj", "{5225E7C5-2037-406C-B1C8-A507A64C281B}"
EndProject
Project("{FAE04EC0-301F-11D3-BF4B-00C04F79EFBC}") = "NunitExamples", "NunitExamples\NunitExamples.csproj", "{4F32D5CF-EA4F-4586-9EE1-83672B503EE0}"
EndProject
Project("{FAE04EC0-301F-11D3-BF4B-00C04F79EFBC}") = "XunitExamples", "XunitExamples\XunitExamples.csproj", "{A52BD51D-6683-4523-8201-7207095092D0}"
EndProject
Global
	GlobalSection(SolutionConfigurationPlatforms) = preSolution
		Debug|Any CPU = Debug|Any CPU
		Release|Any CPU = Release|Any CPU
	EndGlobalSection
	GlobalSection(ProjectConfigurationPlatforms) = postSolution
		{5225E7C5-2037-406C-B1C8-A507A64C281B}.Debug|Any CPU.ActiveCfg = Debug|Any CPU
		{5225E7C5-2037-406C-B1C8-A507A64C281B}.Debug|Any CPU.Build.0 = Debug|Any CPU
		{5225E7C5-2037-406C-B1C8-A507A64C281B}.Release|Any CPU.ActiveCfg = Release|Any CPU
		{5225E7C5-2037-406C-B1C8-A507A64C281B}.Release|Any CPU.Build.0 = Release|Any CPU
		{4F32D5CF-EA4F-4586-9EE1-83672B503EE0}.Debug|Any CPU.ActiveCfg = Debug|Any CPU
		{4F32D5CF-EA4F-4586-9EE1-83672B503EE0}.Debug|Any CPU.Build.0 = Debug|Any CPU
		{4F32D5CF-EA4F-4586-9EE1-83672B503EE0}.Release|Any CPU.ActiveCfg = Release|Any CPU
		{4F32D5CF-EA4F-4586-9EE1-83672B503EE0}.Release|Any CPU.Build.0 = Release|Any CPU
		{A52BD51D-6683-4523-8201-7207095092D0}.Debug|Any CPU.ActiveCfg = Debug|Any CPU
		{A52BD51D-6683-4523-8201-7207095092D0}.Debug|Any CPU.Build.0 = Debug|Any CPU
		{A52BD51D-6683-4523-8201-7207095092D0}.Release|Any CPU.ActiveCfg = Release|Any CPU
		{A52BD51D-6683-4523-8201-7207095092D0}.Release|Any CPU.Build.0 = Release|Any CPU
	EndGlobalSection
	GlobalSection(SolutionProperties) = preSolution
		HideSolutionNode = FALSE
	EndGlobalSection
	GlobalSection(ExtensibilityGlobals) = postSolution
		SolutionGuid = {7BD5F058-ED65-4EEE-A144-137E012B23D2}
	EndGlobalSection
EndGlobal
